
Microsoft Visual Studio Solution File, Format Version 12.00
# Visual Studio Version 16
VisualStudioVersion = 16.0.810.23
MinimumVisualStudioVersion = 10.0.40219.1
Project("{FAE04EC0-301F-11D3-BF4B-00C04F79EFBC}") = "Arreys4.1", "Arreys4.1.csproj", "{A679CC7C-086F-4515-B0ED-AF665DF44F7F}"
EndProject
Global
	GlobalSection(SolutionConfigurationPlatforms) = preSolution
		Debug|Any CPU = Debug|Any CPU
		Release|Any CPU = Release|Any CPU
	EndGlobalSection
	GlobalSection(ProjectConfigurationPlatforms) = postSolution
		{A679CC7C-086F-4515-B0ED-AF665DF44F7F}.Debug|Any CPU.ActiveCfg = Debug|Any CPU
		{A679CC7C-086F-4515-B0ED-AF665DF44F7F}.Debug|Any CPU.Build.0 = Debug|Any CPU
		{A679CC7C-086F-4515-B0ED-AF665DF44F7F}.Release|Any CPU.ActiveCfg = Release|Any CPU
		{A679CC7C-086F-4515-B0ED-AF665DF44F7F}.Release|Any CPU.Build.0 = Release|Any CPU
	EndGlobalSection
	GlobalSection(SolutionProperties) = preSolution
		HideSolutionNode = FALSE
	EndGlobalSection
	GlobalSection(ExtensibilityGlobals) = postSolution
		SolutionGuid = {F65B84AB-2F6A-42E9-8D3F-AD483F7F49EF}
	EndGlobalSection
EndGlobal
